
Microsoft Visual Studio Solution File, Format Version 12.00
# Visual Studio Version 16
VisualStudioVersion = 16.0.31129.286
MinimumVisualStudioVersion = 10.0.40219.1
Project("{FAE04EC0-301F-11D3-BF4B-00C04F79EFBC}") = "ServerForUnity", "ServerForUnity\ServerForUnity.csproj", "{E339ECC8-96C1-4EE8-97BD-1631A1E84F2F}"
EndProject
Project("{9A19103F-16F7-4668-BE54-9A1E7A4F7556}") = "ClientForUnity", "ClientForUnity\ClientForUnity.csproj", "{1479DDC4-C8BB-4505-A7A5-521D92838376}"
EndProject
Project("{FAE04EC0-301F-11D3-BF4B-00C04F79EFBC}") = "ServerForUnity.Tests", "ServerForUnity.Tests\ServerForUnity.Tests.csproj", "{D0A2ACB4-94BA-48B8-B168-7DDA4EBCFC29}"
EndProject
Global
	GlobalSection(SolutionConfigurationPlatforms) = preSolution
		Debug|Any CPU = Debug|Any CPU
		Release|Any CPU = Release|Any CPU
	EndGlobalSection
	GlobalSection(ProjectConfigurationPlatforms) = postSolution
		{E339ECC8-96C1-4EE8-97BD-1631A1E84F2F}.Debug|Any CPU.ActiveCfg = Debug|Any CPU
		{E339ECC8-96C1-4EE8-97BD-1631A1E84F2F}.Debug|Any CPU.Build.0 = Debug|Any CPU
		{E339ECC8-96C1-4EE8-97BD-1631A1E84F2F}.Release|Any CPU.ActiveCfg = Release|Any CPU
		{E339ECC8-96C1-4EE8-97BD-1631A1E84F2F}.Release|Any CPU.Build.0 = Release|Any CPU
		{1479DDC4-C8BB-4505-A7A5-521D92838376}.Debug|Any CPU.ActiveCfg = Debug|Any CPU
		{1479DDC4-C8BB-4505-A7A5-521D92838376}.Debug|Any CPU.Build.0 = Debug|Any CPU
		{1479DDC4-C8BB-4505-A7A5-521D92838376}.Release|Any CPU.ActiveCfg = Release|Any CPU
		{1479DDC4-C8BB-4505-A7A5-521D92838376}.Release|Any CPU.Build.0 = Release|Any CPU
		{D0A2ACB4-94BA-48B8-B168-7DDA4EBCFC29}.Debug|Any CPU.ActiveCfg = Debug|Any CPU
		{D0A2ACB4-94BA-48B8-B168-7DDA4EBCFC29}.Debug|Any CPU.Build.0 = Debug|Any CPU
		{D0A2ACB4-94BA-48B8-B168-7DDA4EBCFC29}.Release|Any CPU.ActiveCfg = Release|Any CPU
		{D0A2ACB4-94BA-48B8-B168-7DDA4EBCFC29}.Release|Any CPU.Build.0 = Release|Any CPU
	EndGlobalSection
	GlobalSection(SolutionProperties) = preSolution
		HideSolutionNode = FALSE
	EndGlobalSection
	GlobalSection(ExtensibilityGlobals) = postSolution
		SolutionGuid = {6EB330FF-A0FC-450D-8354-A5C22D732925}
	EndGlobalSection
EndGlobal
